
Microsoft Visual Studio Solution File, Format Version 12.00
# Visual Studio Version 17
VisualStudioVersion = 17.6.33815.320
MinimumVisualStudioVersion = 10.0.40219.1
Project("{FAE04EC0-301F-11D3-BF4B-00C04F79EFBC}") = "SoapLegacyApp", "SoapLegacy\SoapLegacyApp.csproj", "{4DA33E1C-8322-406D-A9E8-F37D8C4D94C6}"
EndProject
Project("{2150E333-8FDC-42A3-9474-1A3956D46DE8}") = "Http", "Http", "{93E67274-10B0-4A47-96ED-1EE96DADADEF}"
	ProjectSection(SolutionItems) = preProject
		CoreRequests.http = CoreRequests.http
		LegacyRequests.http = LegacyRequests.http
	EndProjectSection
EndProject
Project("{FAE04EC0-301F-11D3-BF4B-00C04F79EFBC}") = "SoapCoreApp", "SoapCore\SoapCoreApp.csproj", "{C87F4943-5641-4CBE-9C59-12858C99A76D}"
EndProject
Project("{FAE04EC0-301F-11D3-BF4B-00C04F79EFBC}") = "ServiceContracts", "ServiceContracts\ServiceContracts.csproj", "{60C7C3CB-C26A-445A-A9A7-EEA980377B48}"
EndProject
Global
	GlobalSection(SolutionConfigurationPlatforms) = preSolution
		Debug|Any CPU = Debug|Any CPU
		Release|Any CPU = Release|Any CPU
	EndGlobalSection
	GlobalSection(ProjectConfigurationPlatforms) = postSolution
		{4DA33E1C-8322-406D-A9E8-F37D8C4D94C6}.Debug|Any CPU.ActiveCfg = Debug|Any CPU
		{4DA33E1C-8322-406D-A9E8-F37D8C4D94C6}.Debug|Any CPU.Build.0 = Debug|Any CPU
		{4DA33E1C-8322-406D-A9E8-F37D8C4D94C6}.Release|Any CPU.ActiveCfg = Release|Any CPU
		{4DA33E1C-8322-406D-A9E8-F37D8C4D94C6}.Release|Any CPU.Build.0 = Release|Any CPU
		{C87F4943-5641-4CBE-9C59-12858C99A76D}.Debug|Any CPU.ActiveCfg = Debug|Any CPU
		{C87F4943-5641-4CBE-9C59-12858C99A76D}.Debug|Any CPU.Build.0 = Debug|Any CPU
		{C87F4943-5641-4CBE-9C59-12858C99A76D}.Release|Any CPU.ActiveCfg = Release|Any CPU
		{C87F4943-5641-4CBE-9C59-12858C99A76D}.Release|Any CPU.Build.0 = Release|Any CPU
		{60C7C3CB-C26A-445A-A9A7-EEA980377B48}.Debug|Any CPU.ActiveCfg = Debug|Any CPU
		{60C7C3CB-C26A-445A-A9A7-EEA980377B48}.Debug|Any CPU.Build.0 = Debug|Any CPU
		{60C7C3CB-C26A-445A-A9A7-EEA980377B48}.Release|Any CPU.ActiveCfg = Release|Any CPU
		{60C7C3CB-C26A-445A-A9A7-EEA980377B48}.Release|Any CPU.Build.0 = Release|Any CPU
	EndGlobalSection
	GlobalSection(SolutionProperties) = preSolution
		HideSolutionNode = FALSE
	EndGlobalSection
	GlobalSection(ExtensibilityGlobals) = postSolution
		SolutionGuid = {05E8842C-571E-4359-A15A-946B925F3ADF}
	EndGlobalSection
EndGlobal
